
Microsoft Visual Studio Solution File, Format Version 12.00
# Visual Studio 15
VisualStudioVersion = 15.0.28010.2036
MinimumVisualStudioVersion = 10.0.40219.1
Project("{9A19103F-16F7-4668-BE54-9A1E7A4F7556}") = "IT2media.Extensions.Configuration", "src\IT2media.Extensions.Configuration\IT2media.Extensions.Configuration.csproj", "{55AE50B4-765F-477B-9568-3236614712F7}"
EndProject
Project("{9A19103F-16F7-4668-BE54-9A1E7A4F7556}") = "IT2media.Extensions.Configuration.xUnitTests", "test\IT2media.Extensions.Configuration.xUnitTests\IT2media.Extensions.Configuration.xUnitTests.csproj", "{33434542-8A58-4861-B91B-28B61D224C7D}"
EndProject
Project("{2150E333-8FDC-42A3-9474-1A3956D46DE8}") = "Solution Items", "Solution Items", "{BB9775D5-68E6-4B39-AC32-243FB6B1315C}"
	ProjectSection(SolutionItems) = preProject
		README.md = README.md
	EndProjectSection
EndProject
Global
	GlobalSection(SolutionConfigurationPlatforms) = preSolution
		Debug|Any CPU = Debug|Any CPU
		Release|Any CPU = Release|Any CPU
	EndGlobalSection
	GlobalSection(ProjectConfigurationPlatforms) = postSolution
		{55AE50B4-765F-477B-9568-3236614712F7}.Debug|Any CPU.ActiveCfg = Debug|Any CPU
		{55AE50B4-765F-477B-9568-3236614712F7}.Debug|Any CPU.Build.0 = Debug|Any CPU
		{55AE50B4-765F-477B-9568-3236614712F7}.Release|Any CPU.ActiveCfg = Release|Any CPU
		{55AE50B4-765F-477B-9568-3236614712F7}.Release|Any CPU.Build.0 = Release|Any CPU
		{33434542-8A58-4861-B91B-28B61D224C7D}.Debug|Any CPU.ActiveCfg = Debug|Any CPU
		{33434542-8A58-4861-B91B-28B61D224C7D}.Debug|Any CPU.Build.0 = Debug|Any CPU
		{33434542-8A58-4861-B91B-28B61D224C7D}.Release|Any CPU.ActiveCfg = Release|Any CPU
		{33434542-8A58-4861-B91B-28B61D224C7D}.Release|Any CPU.Build.0 = Release|Any CPU
	EndGlobalSection
	GlobalSection(SolutionProperties) = preSolution
		HideSolutionNode = FALSE
	EndGlobalSection
	GlobalSection(ExtensibilityGlobals) = postSolution
		SolutionGuid = {12189B27-3BF6-4D52-AF7A-4015833BE469}
	EndGlobalSection
EndGlobal
